Microsoft Visual Studio Solution File, Format Version 12.00
# Visual Studio 14
Project("{8BC9CEB8-8B4A-11D0-8D11-00A0C91BC942}") = "ALL_BUILD", "ALL_BUILD.vcxproj", "{39443CF5-9C4D-408D-84C0-646FDA2AFC78}"
	ProjectSection(ProjectDependencies) = postProject
		{D65BC12B-A1FF-47DD-BCA2-9A8E81844864} = {D65BC12B-A1FF-47DD-BCA2-9A8E81844864}
		{958A47C2-AD91-4171-ABFD-85D42F9F45CF} = {958A47C2-AD91-4171-ABFD-85D42F9F45CF}
	EndProjectSection
EndProject
Project("{8BC9CEB8-8B4A-11D0-8D11-00A0C91BC942}") = "ZERO_CHECK", "ZERO_CHECK.vcxproj", "{D65BC12B-A1FF-47DD-BCA2-9A8E81844864}"
	ProjectSection(ProjectDependencies) = postProject
	EndProjectSection
EndProject
Project("{8BC9CEB8-8B4A-11D0-8D11-00A0C91BC942}") = "test", "test.vcxproj", "{958A47C2-AD91-4171-ABFD-85D42F9F45CF}"
	ProjectSection(ProjectDependencies) = postProject
		{D65BC12B-A1FF-47DD-BCA2-9A8E81844864} = {D65BC12B-A1FF-47DD-BCA2-9A8E81844864}
	EndProjectSection
EndProject
Global
	GlobalSection(SolutionConfigurationPlatforms) = preSolution
		Debug|Win32 = Debug|Win32
		Release|Win32 = Release|Win32
		MinSizeRel|Win32 = MinSizeRel|Win32
		RelWithDebInfo|Win32 = RelWithDebInfo|Win32
	EndGlobalSection
	GlobalSection(ProjectConfigurationPlatforms) = postSolution
		{39443CF5-9C4D-408D-84C0-646FDA2AFC78}.Debug|Win32.ActiveCfg = Debug|Win32
		{39443CF5-9C4D-408D-84C0-646FDA2AFC78}.Release|Win32.ActiveCfg = Release|Win32
		{39443CF5-9C4D-408D-84C0-646FDA2AFC78}.MinSizeRel|Win32.ActiveCfg = MinSizeRel|Win32
		{39443CF5-9C4D-408D-84C0-646FDA2AFC78}.RelWithDebInfo|Win32.ActiveCfg = RelWithDebInfo|Win32
		{D65BC12B-A1FF-47DD-BCA2-9A8E81844864}.Debug|Win32.ActiveCfg = Debug|Win32
		{D65BC12B-A1FF-47DD-BCA2-9A8E81844864}.Debug|Win32.Build.0 = Debug|Win32
		{D65BC12B-A1FF-47DD-BCA2-9A8E81844864}.Release|Win32.ActiveCfg = Release|Win32
		{D65BC12B-A1FF-47DD-BCA2-9A8E81844864}.Release|Win32.Build.0 = Release|Win32
		{D65BC12B-A1FF-47DD-BCA2-9A8E81844864}.MinSizeRel|Win32.ActiveCfg = MinSizeRel|Win32
		{D65BC12B-A1FF-47DD-BCA2-9A8E81844864}.MinSizeRel|Win32.Build.0 = MinSizeRel|Win32
		{D65BC12B-A1FF-47DD-BCA2-9A8E81844864}.RelWithDebInfo|Win32.ActiveCfg = RelWithDebInfo|Win32
		{D65BC12B-A1FF-47DD-BCA2-9A8E81844864}.RelWithDebInfo|Win32.Build.0 = RelWithDebInfo|Win32
		{958A47C2-AD91-4171-ABFD-85D42F9F45CF}.Debug|Win32.ActiveCfg = Debug|Win32
		{958A47C2-AD91-4171-ABFD-85D42F9F45CF}.Debug|Win32.Build.0 = Debug|Win32
		{958A47C2-AD91-4171-ABFD-85D42F9F45CF}.Release|Win32.ActiveCfg = Release|Win32
		{958A47C2-AD91-4171-ABFD-85D42F9F45CF}.Release|Win32.Build.0 = Release|Win32
		{958A47C2-AD91-4171-ABFD-85D42F9F45CF}.MinSizeRel|Win32.ActiveCfg = MinSizeRel|Win32
		{958A47C2-AD91-4171-ABFD-85D42F9F45CF}.MinSizeRel|Win32.Build.0 = MinSizeRel|Win32
		{958A47C2-AD91-4171-ABFD-85D42F9F45CF}.RelWithDebInfo|Win32.ActiveCfg = RelWithDebInfo|Win32
		{958A47C2-AD91-4171-ABFD-85D42F9F45CF}.RelWithDebInfo|Win32.Build.0 = RelWithDebInfo|Win32
	EndGlobalSection
	GlobalSection(ExtensibilityGlobals) = postSolution
	EndGlobalSection
	GlobalSection(ExtensibilityAddIns) = postSolution
	EndGlobalSection
EndGlobal
