<?xml version="1.0" encoding="UTF-8"?>
<Project ToolsVersion="14.0" xmlns="http://schemas.microsoft.com/developer/msbuild/2003">
  <ItemGroup>
    <CustomBuild Include="C:\Users\yiurule\Desktop\GameProjectII\GameProjectII\engine\ressource\system\test\CMakeFiles\7a62f09f53db849686bd380a4a347cd3\generate.stamp.rule">
      <Filter>CMake Rules</Filter>
    </CustomBuild>
  </ItemGroup>
  <ItemGroup>
    <Filter Include="CMake Rules">
      <UniqueIdentifier>{5D0087C3-16DB-449F-9280-6F157B3EEA14}</UniqueIdentifier>
    </Filter>
  </ItemGroup>
</Project>
